
Microsoft Visual Studio Solution File, Format Version 12.00
# Visual Studio Version 17
VisualStudioVersion = 17.5.002.0
MinimumVisualStudioVersion = 10.0.40219.1
Project("{2150E333-8FDC-42A3-9474-1A3956D46DE8}") = "sandbox", "sandbox", "{CDD4C27F-071B-48F5-8CD5-363EEC034F76}"
EndProject
Project("{9A19103F-16F7-4668-BE54-9A1E7A4F7556}") = "sandbox_project", "sandbox\sandbox_project\sandbox_project.csproj", "{D8512E6D-339A-435F-AAFA-1336539D182E}"
EndProject
Project("{2150E333-8FDC-42A3-9474-1A3956D46DE8}") = "week01", "week01", "{01E8CDC9-1236-48FC-AE66-5F9E65CA9000}"
EndProject
Project("{9A19103F-16F7-4668-BE54-9A1E7A4F7556}") = "analyze", "week01\analyze\analyze.csproj", "{224D7144-1184-4645-A0D8-84EB093A8820}"
EndProject
Project("{9A19103F-16F7-4668-BE54-9A1E7A4F7556}") = "code", "week01\code\code.csproj", "{A132CE82-857C-4E52-A967-F2F2F8ED0C55}"
EndProject
Project("{9A19103F-16F7-4668-BE54-9A1E7A4F7556}") = "teach", "week01\teach\teach.csproj", "{6EBE1B6E-DF4D-4935-891A-B6B2BED9B11B}"
EndProject
Project("{2150E333-8FDC-42A3-9474-1A3956D46DE8}") = "week02", "week02", "{B1307476-F64F-4887-B727-E40D85C52935}"
EndProject
Project("{9A19103F-16F7-4668-BE54-9A1E7A4F7556}") = "analyze", "week02\analyze\analyze.csproj", "{572C1450-690B-47EA-A1C8-9928BBB4E4B3}"
EndProject
Project("{9A19103F-16F7-4668-BE54-9A1E7A4F7556}") = "code", "week02\code\code.csproj", "{63C22FA5-D87D-483A-8E5A-192398E570A3}"
EndProject
Project("{9A19103F-16F7-4668-BE54-9A1E7A4F7556}") = "learn", "week02\learn\learn.csproj", "{FC35F7F3-C544-4DA6-9E30-3A9AA10CB8FD}"
EndProject
Project("{9A19103F-16F7-4668-BE54-9A1E7A4F7556}") = "teach", "week02\teach\teach.csproj", "{B2962B93-D7D9-4599-B8B3-5A1133113B69}"
EndProject
Project("{2150E333-8FDC-42A3-9474-1A3956D46DE8}") = "week03", "week03", "{FF512536-F119-4BC4-838B-6766D2579CD6}"
EndProject
Project("{9A19103F-16F7-4668-BE54-9A1E7A4F7556}") = "code", "week03\code\code.csproj", "{284C581A-F269-4E3D-A847-767A02007302}"
EndProject
Project("{9A19103F-16F7-4668-BE54-9A1E7A4F7556}") = "learn", "week03\learn\learn.csproj", "{907AEB2B-B46F-4FBF-87D0-ADFF092A4893}"
EndProject
Project("{9A19103F-16F7-4668-BE54-9A1E7A4F7556}") = "teach", "week03\teach\teach.csproj", "{E681CD49-56ED-4D3E-A04D-2B4B0A34AE95}"
EndProject
Project("{2150E333-8FDC-42A3-9474-1A3956D46DE8}") = "week04", "week04", "{EF7BFE05-06BD-4588-B9AF-44C71B44A60B}"
EndProject
Project("{9A19103F-16F7-4668-BE54-9A1E7A4F7556}") = "code", "week04\code\code.csproj", "{56A0C709-06D6-4508-8B5C-4496869E8A7A}"
EndProject
Project("{2150E333-8FDC-42A3-9474-1A3956D46DE8}") = "week05", "week05", "{64FA9F15-4D30-486F-93EE-5CA97C8F351A}"
EndProject
Project("{9A19103F-16F7-4668-BE54-9A1E7A4F7556}") = "code", "week05\code\code.csproj", "{598A3AC1-F54A-4C9D-BFF3-3E9E951DDD07}"
EndProject
Project("{2150E333-8FDC-42A3-9474-1A3956D46DE8}") = "week06", "week06", "{9F330AAD-C6B0-43F7-848E-72D3844602C8}"
EndProject
Project("{9A19103F-16F7-4668-BE54-9A1E7A4F7556}") = "code", "week06\code\code.csproj", "{9F2DDF39-3ABC-4CE8-8BDD-4D473B4B409E}"
EndProject
Global
	GlobalSection(SolutionConfigurationPlatforms) = preSolution
		Debug|Any CPU = Debug|Any CPU
		Release|Any CPU = Release|Any CPU
	EndGlobalSection
	GlobalSection(ProjectConfigurationPlatforms) = postSolution
		{D8512E6D-339A-435F-AAFA-1336539D182E}.Debug|Any CPU.ActiveCfg = Debug|Any CPU
		{D8512E6D-339A-435F-AAFA-1336539D182E}.Debug|Any CPU.Build.0 = Debug|Any CPU
		{D8512E6D-339A-435F-AAFA-1336539D182E}.Release|Any CPU.ActiveCfg = Release|Any CPU
		{D8512E6D-339A-435F-AAFA-1336539D182E}.Release|Any CPU.Build.0 = Release|Any CPU
		{224D7144-1184-4645-A0D8-84EB093A8820}.Debug|Any CPU.ActiveCfg = Debug|Any CPU
		{224D7144-1184-4645-A0D8-84EB093A8820}.Debug|Any CPU.Build.0 = Debug|Any CPU
		{224D7144-1184-4645-A0D8-84EB093A8820}.Release|Any CPU.ActiveCfg = Release|Any CPU
		{224D7144-1184-4645-A0D8-84EB093A8820}.Release|Any CPU.Build.0 = Release|Any CPU
		{A132CE82-857C-4E52-A967-F2F2F8ED0C55}.Debug|Any CPU.ActiveCfg = Debug|Any CPU
		{A132CE82-857C-4E52-A967-F2F2F8ED0C55}.Debug|Any CPU.Build.0 = Debug|Any CPU
		{A132CE82-857C-4E52-A967-F2F2F8ED0C55}.Release|Any CPU.ActiveCfg = Release|Any CPU
		{A132CE82-857C-4E52-A967-F2F2F8ED0C55}.Release|Any CPU.Build.0 = Release|Any CPU
		{6EBE1B6E-DF4D-4935-891A-B6B2BED9B11B}.Debug|Any CPU.ActiveCfg = Debug|Any CPU
		{6EBE1B6E-DF4D-4935-891A-B6B2BED9B11B}.Debug|Any CPU.Build.0 = Debug|Any CPU
		{6EBE1B6E-DF4D-4935-891A-B6B2BED9B11B}.Release|Any CPU.ActiveCfg = Release|Any CPU
		{6EBE1B6E-DF4D-4935-891A-B6B2BED9B11B}.Release|Any CPU.Build.0 = Release|Any CPU
		{572C1450-690B-47EA-A1C8-9928BBB4E4B3}.Debug|Any CPU.ActiveCfg = Debug|Any CPU
		{572C1450-690B-47EA-A1C8-9928BBB4E4B3}.Debug|Any CPU.Build.0 = Debug|Any CPU
		{572C1450-690B-47EA-A1C8-9928BBB4E4B3}.Release|Any CPU.ActiveCfg = Release|Any CPU
		{572C1450-690B-47EA-A1C8-9928BBB4E4B3}.Release|Any CPU.Build.0 = Release|Any CPU
		{63C22FA5-D87D-483A-8E5A-192398E570A3}.Debug|Any CPU.ActiveCfg = Debug|Any CPU
		{63C22FA5-D87D-483A-8E5A-192398E570A3}.Debug|Any CPU.Build.0 = Debug|Any CPU
		{63C22FA5-D87D-483A-8E5A-192398E570A3}.Release|Any CPU.ActiveCfg = Release|Any CPU
		{63C22FA5-D87D-483A-8E5A-192398E570A3}.Release|Any CPU.Build.0 = Release|Any CPU
		{FC35F7F3-C544-4DA6-9E30-3A9AA10CB8FD}.Debug|Any CPU.ActiveCfg = Debug|Any CPU
		{FC35F7F3-C544-4DA6-9E30-3A9AA10CB8FD}.Debug|Any CPU.Build.0 = Debug|Any CPU
		{FC35F7F3-C544-4DA6-9E30-3A9AA10CB8FD}.Release|Any CPU.ActiveCfg = Release|Any CPU
		{FC35F7F3-C544-4DA6-9E30-3A9AA10CB8FD}.Release|Any CPU.Build.0 = Release|Any CPU
		{B2962B93-D7D9-4599-B8B3-5A1133113B69}.Debug|Any CPU.ActiveCfg = Debug|Any CPU
		{B2962B93-D7D9-4599-B8B3-5A1133113B69}.Debug|Any CPU.Build.0 = Debug|Any CPU
		{B2962B93-D7D9-4599-B8B3-5A1133113B69}.Release|Any CPU.ActiveCfg = Release|Any CPU
		{B2962B93-D7D9-4599-B8B3-5A1133113B69}.Release|Any CPU.Build.0 = Release|Any CPU
		{284C581A-F269-4E3D-A847-767A02007302}.Debug|Any CPU.ActiveCfg = Debug|Any CPU
		{284C581A-F269-4E3D-A847-767A02007302}.Debug|Any CPU.Build.0 = Debug|Any CPU
		{284C581A-F269-4E3D-A847-767A02007302}.Release|Any CPU.ActiveCfg = Release|Any CPU
		{284C581A-F269-4E3D-A847-767A02007302}.Release|Any CPU.Build.0 = Release|Any CPU
		{907AEB2B-B46F-4FBF-87D0-ADFF092A4893}.Debug|Any CPU.ActiveCfg = Debug|Any CPU
		{907AEB2B-B46F-4FBF-87D0-ADFF092A4893}.Debug|Any CPU.Build.0 = Debug|Any CPU
		{907AEB2B-B46F-4FBF-87D0-ADFF092A4893}.Release|Any CPU.ActiveCfg = Release|Any CPU
		{907AEB2B-B46F-4FBF-87D0-ADFF092A4893}.Release|Any CPU.Build.0 = Release|Any CPU
		{E681CD49-56ED-4D3E-A04D-2B4B0A34AE95}.Debug|Any CPU.ActiveCfg = Debug|Any CPU
		{E681CD49-56ED-4D3E-A04D-2B4B0A34AE95}.Debug|Any CPU.Build.0 = Debug|Any CPU
		{E681CD49-56ED-4D3E-A04D-2B4B0A34AE95}.Release|Any CPU.ActiveCfg = Release|Any CPU
		{E681CD49-56ED-4D3E-A04D-2B4B0A34AE95}.Release|Any CPU.Build.0 = Release|Any CPU
		{56A0C709-06D6-4508-8B5C-4496869E8A7A}.Debug|Any CPU.ActiveCfg = Debug|Any CPU
		{56A0C709-06D6-4508-8B5C-4496869E8A7A}.Debug|Any CPU.Build.0 = Debug|Any CPU
		{56A0C709-06D6-4508-8B5C-4496869E8A7A}.Release|Any CPU.ActiveCfg = Release|Any CPU
		{56A0C709-06D6-4508-8B5C-4496869E8A7A}.Release|Any CPU.Build.0 = Release|Any CPU
		{598A3AC1-F54A-4C9D-BFF3-3E9E951DDD07}.Debug|Any CPU.ActiveCfg = Debug|Any CPU
		{598A3AC1-F54A-4C9D-BFF3-3E9E951DDD07}.Debug|Any CPU.Build.0 = Debug|Any CPU
		{598A3AC1-F54A-4C9D-BFF3-3E9E951DDD07}.Release|Any CPU.ActiveCfg = Release|Any CPU
		{598A3AC1-F54A-4C9D-BFF3-3E9E951DDD07}.Release|Any CPU.Build.0 = Release|Any CPU
		{9F2DDF39-3ABC-4CE8-8BDD-4D473B4B409E}.Debug|Any CPU.ActiveCfg = Debug|Any CPU
		{9F2DDF39-3ABC-4CE8-8BDD-4D473B4B409E}.Debug|Any CPU.Build.0 = Debug|Any CPU
		{9F2DDF39-3ABC-4CE8-8BDD-4D473B4B409E}.Release|Any CPU.ActiveCfg = Release|Any CPU
		{9F2DDF39-3ABC-4CE8-8BDD-4D473B4B409E}.Release|Any CPU.Build.0 = Release|Any CPU
	EndGlobalSection
	GlobalSection(SolutionProperties) = preSolution
		HideSolutionNode = FALSE
	EndGlobalSection
	GlobalSection(NestedProjects) = preSolution
		{D8512E6D-339A-435F-AAFA-1336539D182E} = {CDD4C27F-071B-48F5-8CD5-363EEC034F76}
		{224D7144-1184-4645-A0D8-84EB093A8820} = {01E8CDC9-1236-48FC-AE66-5F9E65CA9000}
		{A132CE82-857C-4E52-A967-F2F2F8ED0C55} = {01E8CDC9-1236-48FC-AE66-5F9E65CA9000}
		{6EBE1B6E-DF4D-4935-891A-B6B2BED9B11B} = {01E8CDC9-1236-48FC-AE66-5F9E65CA9000}
		{572C1450-690B-47EA-A1C8-9928BBB4E4B3} = {B1307476-F64F-4887-B727-E40D85C52935}
		{63C22FA5-D87D-483A-8E5A-192398E570A3} = {B1307476-F64F-4887-B727-E40D85C52935}
		{FC35F7F3-C544-4DA6-9E30-3A9AA10CB8FD} = {B1307476-F64F-4887-B727-E40D85C52935}
		{B2962B93-D7D9-4599-B8B3-5A1133113B69} = {B1307476-F64F-4887-B727-E40D85C52935}
		{284C581A-F269-4E3D-A847-767A02007302} = {FF512536-F119-4BC4-838B-6766D2579CD6}
		{907AEB2B-B46F-4FBF-87D0-ADFF092A4893} = {FF512536-F119-4BC4-838B-6766D2579CD6}
		{E681CD49-56ED-4D3E-A04D-2B4B0A34AE95} = {FF512536-F119-4BC4-838B-6766D2579CD6}
		{56A0C709-06D6-4508-8B5C-4496869E8A7A} = {EF7BFE05-06BD-4588-B9AF-44C71B44A60B}
		{598A3AC1-F54A-4C9D-BFF3-3E9E951DDD07} = {64FA9F15-4D30-486F-93EE-5CA97C8F351A}
		{9F2DDF39-3ABC-4CE8-8BDD-4D473B4B409E} = {9F330AAD-C6B0-43F7-848E-72D3844602C8}
	EndGlobalSection
	GlobalSection(ExtensibilityGlobals) = postSolution
		SolutionGuid = {FB931372-82E9-48EC-B74C-60B971823CE0}
	EndGlobalSection
EndGlobal
